
Microsoft Visual Studio Solution File, Format Version 12.00
# Visual Studio 15
VisualStudioVersion = 15.0.27130.2020
MinimumVisualStudioVersion = 10.0.40219.1
Project("{FAE04EC0-301F-11D3-BF4B-00C04F79EFBC}") = "DzoAuthService", "DzoAuthService\DzoAuthService.csproj", "{DE8EAFDC-A86D-4E8C-BC69-FFA1670C60E1}"
EndProject
Project("{FAE04EC0-301F-11D3-BF4B-00C04F79EFBC}") = "AuthModel", "AuthModel\AuthModel.csproj", "{75D6ECF1-0FC9-4A74-ACAC-10DBB6781228}"
EndProject
Project("{FAE04EC0-301F-11D3-BF4B-00C04F79EFBC}") = "ConsoleHost", "ConsoleHost\ConsoleHost.csproj", "{830801F7-ADC4-43DD-A3B2-A1D5716EE98A}"
EndProject
Project("{FAE04EC0-301F-11D3-BF4B-00C04F79EFBC}") = "ActsModel", "ActsModel\ActsModel.csproj", "{146FE88E-7E14-4681-9A05-4884DE7D1AAB}"
EndProject
Global
	GlobalSection(SolutionConfigurationPlatforms) = preSolution
		Debug|Any CPU = Debug|Any CPU
		Release|Any CPU = Release|Any CPU
	EndGlobalSection
	GlobalSection(ProjectConfigurationPlatforms) = postSolution
		{DE8EAFDC-A86D-4E8C-BC69-FFA1670C60E1}.Debug|Any CPU.ActiveCfg = Debug|Any CPU
		{DE8EAFDC-A86D-4E8C-BC69-FFA1670C60E1}.Debug|Any CPU.Build.0 = Debug|Any CPU
		{DE8EAFDC-A86D-4E8C-BC69-FFA1670C60E1}.Release|Any CPU.ActiveCfg = Release|Any CPU
		{DE8EAFDC-A86D-4E8C-BC69-FFA1670C60E1}.Release|Any CPU.Build.0 = Release|Any CPU
		{75D6ECF1-0FC9-4A74-ACAC-10DBB6781228}.Debug|Any CPU.ActiveCfg = Debug|Any CPU
		{75D6ECF1-0FC9-4A74-ACAC-10DBB6781228}.Debug|Any CPU.Build.0 = Debug|Any CPU
		{75D6ECF1-0FC9-4A74-ACAC-10DBB6781228}.Release|Any CPU.ActiveCfg = Release|Any CPU
		{75D6ECF1-0FC9-4A74-ACAC-10DBB6781228}.Release|Any CPU.Build.0 = Release|Any CPU
		{830801F7-ADC4-43DD-A3B2-A1D5716EE98A}.Debug|Any CPU.ActiveCfg = Debug|Any CPU
		{830801F7-ADC4-43DD-A3B2-A1D5716EE98A}.Debug|Any CPU.Build.0 = Debug|Any CPU
		{830801F7-ADC4-43DD-A3B2-A1D5716EE98A}.Release|Any CPU.ActiveCfg = Release|Any CPU
		{830801F7-ADC4-43DD-A3B2-A1D5716EE98A}.Release|Any CPU.Build.0 = Release|Any CPU
		{146FE88E-7E14-4681-9A05-4884DE7D1AAB}.Debug|Any CPU.ActiveCfg = Debug|Any CPU
		{146FE88E-7E14-4681-9A05-4884DE7D1AAB}.Debug|Any CPU.Build.0 = Debug|Any CPU
		{146FE88E-7E14-4681-9A05-4884DE7D1AAB}.Release|Any CPU.ActiveCfg = Release|Any CPU
		{146FE88E-7E14-4681-9A05-4884DE7D1AAB}.Release|Any CPU.Build.0 = Release|Any CPU
	EndGlobalSection
	GlobalSection(SolutionProperties) = preSolution
		HideSolutionNode = FALSE
	EndGlobalSection
	GlobalSection(ExtensibilityGlobals) = postSolution
		SolutionGuid = {75A484AF-A1D9-421A-9544-7AD982EE5455}
	EndGlobalSection
EndGlobal
