
Microsoft Visual Studio Solution File, Format Version 12.00
# Visual Studio 15
VisualStudioVersion = 15.0.27130.2027
MinimumVisualStudioVersion = 10.0.40219.1
Project("{FAE04EC0-301F-11D3-BF4B-00C04F79EFBC}") = "ConsoleHost", "ConsoleHost\ConsoleHost.csproj", "{830801F7-ADC4-43DD-A3B2-A1D5716EE98A}"
EndProject
Project("{FAE04EC0-301F-11D3-BF4B-00C04F79EFBC}") = "ActsModel", "ActsModel\ActsModel.csproj", "{146FE88E-7E14-4681-9A05-4884DE7D1AAB}"
EndProject
Project("{FAE04EC0-301F-11D3-BF4B-00C04F79EFBC}") = "DzoAuthService", "DzoAuthService\DzoAuthService.csproj", "{DE8EAFDC-A86D-4E8C-BC69-FFA1670C60E1}"
EndProject
Project("{FAE04EC0-301F-11D3-BF4B-00C04F79EFBC}") = "FINAL_VERSION", "..\..\..\OneDrive\Рабочий стол\Новая папка (2)\FINAL_VERSION\FINAL_VERSION.csproj", "{0B7F27E2-AFF7-4C37-8AD4-050C0ED3A5B1}"
EndProject
Project("{FAE04EC0-301F-11D3-BF4B-00C04F79EFBC}") = "DlrModel", "DlrModel\DlrModel.csproj", "{16D9A6E0-7FAA-46E1-B576-A18D0B81B8FE}"
EndProject
Project("{CC5FD16D-436D-48AD-A40C-5A424C6E3E79}") = "AzureDlrService", "AzureDlrService\AzureDlrService.ccproj", "{A1E5233E-7E11-4E7D-A206-973037C0C73A}"
EndProject
Project("{FAE04EC0-301F-11D3-BF4B-00C04F79EFBC}") = "AzureDlrServiceRole", "AzureDlrServiceRole\AzureDlrServiceRole.csproj", "{59B66369-4496-40B7-8AA9-BF656B81FDFE}"
EndProject
Global
	GlobalSection(SolutionConfigurationPlatforms) = preSolution
		Debug|Any CPU = Debug|Any CPU
		Release|Any CPU = Release|Any CPU
	EndGlobalSection
	GlobalSection(ProjectConfigurationPlatforms) = postSolution
		{830801F7-ADC4-43DD-A3B2-A1D5716EE98A}.Debug|Any CPU.ActiveCfg = Debug|Any CPU
		{830801F7-ADC4-43DD-A3B2-A1D5716EE98A}.Debug|Any CPU.Build.0 = Debug|Any CPU
		{830801F7-ADC4-43DD-A3B2-A1D5716EE98A}.Release|Any CPU.ActiveCfg = Release|Any CPU
		{830801F7-ADC4-43DD-A3B2-A1D5716EE98A}.Release|Any CPU.Build.0 = Release|Any CPU
		{146FE88E-7E14-4681-9A05-4884DE7D1AAB}.Debug|Any CPU.ActiveCfg = Debug|Any CPU
		{146FE88E-7E14-4681-9A05-4884DE7D1AAB}.Debug|Any CPU.Build.0 = Debug|Any CPU
		{146FE88E-7E14-4681-9A05-4884DE7D1AAB}.Release|Any CPU.ActiveCfg = Release|Any CPU
		{146FE88E-7E14-4681-9A05-4884DE7D1AAB}.Release|Any CPU.Build.0 = Release|Any CPU
		{DE8EAFDC-A86D-4E8C-BC69-FFA1670C60E1}.Debug|Any CPU.ActiveCfg = Debug|Any CPU
		{DE8EAFDC-A86D-4E8C-BC69-FFA1670C60E1}.Debug|Any CPU.Build.0 = Debug|Any CPU
		{DE8EAFDC-A86D-4E8C-BC69-FFA1670C60E1}.Release|Any CPU.ActiveCfg = Release|Any CPU
		{DE8EAFDC-A86D-4E8C-BC69-FFA1670C60E1}.Release|Any CPU.Build.0 = Release|Any CPU
		{0B7F27E2-AFF7-4C37-8AD4-050C0ED3A5B1}.Debug|Any CPU.ActiveCfg = Debug|Any CPU
		{0B7F27E2-AFF7-4C37-8AD4-050C0ED3A5B1}.Debug|Any CPU.Build.0 = Debug|Any CPU
		{0B7F27E2-AFF7-4C37-8AD4-050C0ED3A5B1}.Release|Any CPU.ActiveCfg = Release|Any CPU
		{0B7F27E2-AFF7-4C37-8AD4-050C0ED3A5B1}.Release|Any CPU.Build.0 = Release|Any CPU
		{16D9A6E0-7FAA-46E1-B576-A18D0B81B8FE}.Debug|Any CPU.ActiveCfg = Debug|Any CPU
		{16D9A6E0-7FAA-46E1-B576-A18D0B81B8FE}.Debug|Any CPU.Build.0 = Debug|Any CPU
		{16D9A6E0-7FAA-46E1-B576-A18D0B81B8FE}.Release|Any CPU.ActiveCfg = Release|Any CPU
		{16D9A6E0-7FAA-46E1-B576-A18D0B81B8FE}.Release|Any CPU.Build.0 = Release|Any CPU
		{A1E5233E-7E11-4E7D-A206-973037C0C73A}.Debug|Any CPU.ActiveCfg = Debug|Any CPU
		{A1E5233E-7E11-4E7D-A206-973037C0C73A}.Debug|Any CPU.Build.0 = Debug|Any CPU
		{A1E5233E-7E11-4E7D-A206-973037C0C73A}.Release|Any CPU.ActiveCfg = Release|Any CPU
		{A1E5233E-7E11-4E7D-A206-973037C0C73A}.Release|Any CPU.Build.0 = Release|Any CPU
		{59B66369-4496-40B7-8AA9-BF656B81FDFE}.Debug|Any CPU.ActiveCfg = Debug|Any CPU
		{59B66369-4496-40B7-8AA9-BF656B81FDFE}.Debug|Any CPU.Build.0 = Debug|Any CPU
		{59B66369-4496-40B7-8AA9-BF656B81FDFE}.Release|Any CPU.ActiveCfg = Release|Any CPU
		{59B66369-4496-40B7-8AA9-BF656B81FDFE}.Release|Any CPU.Build.0 = Release|Any CPU
	EndGlobalSection
	GlobalSection(SolutionProperties) = preSolution
		HideSolutionNode = FALSE
	EndGlobalSection
	GlobalSection(ExtensibilityGlobals) = postSolution
		SolutionGuid = {75A484AF-A1D9-421A-9544-7AD982EE5455}
	EndGlobalSection
EndGlobal
